
Microsoft Visual Studio Solution File, Format Version 12.00
# Visual Studio 15
VisualStudioVersion = 15.0.28307.421
MinimumVisualStudioVersion = 10.0.40219.1
Project("{FAE04EC0-301F-11D3-BF4B-00C04F79EFBC}") = "AppUpdater", "AppUpdater\AppUpdater.csproj", "{C63F9548-F380-4479-8D55-DF910FA3E087}"
EndProject
Global
	GlobalSection(SolutionConfigurationPlatforms) = preSolution
		Debug|Any CPU = Debug|Any CPU
		Release|Any CPU = Release|Any CPU
	EndGlobalSection
	GlobalSection(ProjectConfigurationPlatforms) = postSolution
		{C63F9548-F380-4479-8D55-DF910FA3E087}.Debug|Any CPU.ActiveCfg = Debug|Any CPU
		{C63F9548-F380-4479-8D55-DF910FA3E087}.Debug|Any CPU.Build.0 = Debug|Any CPU
		{C63F9548-F380-4479-8D55-DF910FA3E087}.Release|Any CPU.ActiveCfg = Release|Any CPU
		{C63F9548-F380-4479-8D55-DF910FA3E087}.Release|Any CPU.Build.0 = Release|Any CPU
	EndGlobalSection
	GlobalSection(SolutionProperties) = preSolution
		HideSolutionNode = FALSE
	EndGlobalSection
	GlobalSection(ExtensibilityGlobals) = postSolution
		SolutionGuid = {A143DF3F-7D4E-49B1-A59A-462B4ED78C27}
	EndGlobalSection
EndGlobal
